
Microsoft Visual Studio Solution File, Format Version 12.00
# Visual Studio 15
VisualStudioVersion = 15.0.28307.779
MinimumVisualStudioVersion = 10.0.40219.1
Project("{FAE04EC0-301F-11D3-BF4B-00C04F79EFBC}") = "ToDoList", "ToDoList\ToDoList.csproj", "{C576B31F-608B-4F2A-9FDA-B0A2C8EB007A}"
EndProject
Global
	GlobalSection(SolutionConfigurationPlatforms) = preSolution
		Debug|Any CPU = Debug|Any CPU
		Release|Any CPU = Release|Any CPU
	EndGlobalSection
	GlobalSection(ProjectConfigurationPlatforms) = postSolution
		{C576B31F-608B-4F2A-9FDA-B0A2C8EB007A}.Debug|Any CPU.ActiveCfg = Debug|Any CPU
		{C576B31F-608B-4F2A-9FDA-B0A2C8EB007A}.Debug|Any CPU.Build.0 = Debug|Any CPU
		{C576B31F-608B-4F2A-9FDA-B0A2C8EB007A}.Release|Any CPU.ActiveCfg = Release|Any CPU
		{C576B31F-608B-4F2A-9FDA-B0A2C8EB007A}.Release|Any CPU.Build.0 = Release|Any CPU
	EndGlobalSection
	GlobalSection(SolutionProperties) = preSolution
		HideSolutionNode = FALSE
	EndGlobalSection
	GlobalSection(ExtensibilityGlobals) = postSolution
		SolutionGuid = {A31B5753-98F6-44E7-A80B-A3579C198D75}
	EndGlobalSection
EndGlobal
